
Microsoft Visual Studio Solution File, Format Version 12.00
# Visual Studio Version 17
VisualStudioVersion = 17.6.33723.286
MinimumVisualStudioVersion = 10.0.40219.1
Project("{FAE04EC0-301F-11D3-BF4B-00C04F79EFBC}") = "ConsoleApp1", "ConsoleApp1.csproj", "{C7A3C5F1-D77C-4CA8-B05D-5D736513AA4B}"
EndProject
Global
	GlobalSection(SolutionConfigurationPlatforms) = preSolution
		Debug|Any CPU = Debug|Any CPU
		Release|Any CPU = Release|Any CPU
	EndGlobalSection
	GlobalSection(ProjectConfigurationPlatforms) = postSolution
		{C7A3C5F1-D77C-4CA8-B05D-5D736513AA4B}.Debug|Any CPU.ActiveCfg = Debug|Any CPU
		{C7A3C5F1-D77C-4CA8-B05D-5D736513AA4B}.Debug|Any CPU.Build.0 = Debug|Any CPU
		{C7A3C5F1-D77C-4CA8-B05D-5D736513AA4B}.Release|Any CPU.ActiveCfg = Release|Any CPU
		{C7A3C5F1-D77C-4CA8-B05D-5D736513AA4B}.Release|Any CPU.Build.0 = Release|Any CPU
	EndGlobalSection
	GlobalSection(SolutionProperties) = preSolution
		HideSolutionNode = FALSE
	EndGlobalSection
	GlobalSection(ExtensibilityGlobals) = postSolution
		SolutionGuid = {365D7D82-6765-4C41-B305-0A91D777295D}
	EndGlobalSection
EndGlobal
